
Microsoft Visual Studio Solution File, Format Version 12.00
# Visual Studio Version 17
VisualStudioVersion = 17.5.33516.290
MinimumVisualStudioVersion = 10.0.40219.1
Project("{FAE04EC0-301F-11D3-BF4B-00C04F79EFBC}") = "Emmerson_Erweiterung_Verschiedene_Anbieter", "Emmerson_Erweiterung_Verschiedene_Anbieter\Emmerson_Erweiterung_Verschiedene_Anbieter.csproj", "{B9341C0B-60A2-4A40-B518-9032E76326BC}"
EndProject
Global
	GlobalSection(SolutionConfigurationPlatforms) = preSolution
		Debug|Any CPU = Debug|Any CPU
		Release|Any CPU = Release|Any CPU
	EndGlobalSection
	GlobalSection(ProjectConfigurationPlatforms) = postSolution
		{B9341C0B-60A2-4A40-B518-9032E76326BC}.Debug|Any CPU.ActiveCfg = Debug|Any CPU
		{B9341C0B-60A2-4A40-B518-9032E76326BC}.Debug|Any CPU.Build.0 = Debug|Any CPU
		{B9341C0B-60A2-4A40-B518-9032E76326BC}.Release|Any CPU.ActiveCfg = Release|Any CPU
		{B9341C0B-60A2-4A40-B518-9032E76326BC}.Release|Any CPU.Build.0 = Release|Any CPU
	EndGlobalSection
	GlobalSection(SolutionProperties) = preSolution
		HideSolutionNode = FALSE
	EndGlobalSection
	GlobalSection(ExtensibilityGlobals) = postSolution
		SolutionGuid = {058DBC79-2645-4A75-9211-B08AAC66AAE9}
	EndGlobalSection
EndGlobal
